
Microsoft Visual Studio Solution File, Format Version 12.00
# Visual Studio Version 17
VisualStudioVersion = 17.4.33205.214
MinimumVisualStudioVersion = 10.0.40219.1
Project("{FAE04EC0-301F-11D3-BF4B-00C04F79EFBC}") = "CinemaProject", "CinemaProject\CinemaProject.csproj", "{5AA7E853-2A4C-48D0-BEC8-FD9191F9E9EE}"
EndProject
Project("{FAE04EC0-301F-11D3-BF4B-00C04F79EFBC}") = "Core", "Core\Core.csproj", "{A21A62D8-119A-4DDA-B902-68879C30380A}"
EndProject
Global
	GlobalSection(SolutionConfigurationPlatforms) = preSolution
		Debug|Any CPU = Debug|Any CPU
		Release|Any CPU = Release|Any CPU
	EndGlobalSection
	GlobalSection(ProjectConfigurationPlatforms) = postSolution
		{5AA7E853-2A4C-48D0-BEC8-FD9191F9E9EE}.Debug|Any CPU.ActiveCfg = Debug|Any CPU
		{5AA7E853-2A4C-48D0-BEC8-FD9191F9E9EE}.Debug|Any CPU.Build.0 = Debug|Any CPU
		{5AA7E853-2A4C-48D0-BEC8-FD9191F9E9EE}.Release|Any CPU.ActiveCfg = Release|Any CPU
		{5AA7E853-2A4C-48D0-BEC8-FD9191F9E9EE}.Release|Any CPU.Build.0 = Release|Any CPU
		{A21A62D8-119A-4DDA-B902-68879C30380A}.Debug|Any CPU.ActiveCfg = Debug|Any CPU
		{A21A62D8-119A-4DDA-B902-68879C30380A}.Debug|Any CPU.Build.0 = Debug|Any CPU
		{A21A62D8-119A-4DDA-B902-68879C30380A}.Release|Any CPU.ActiveCfg = Release|Any CPU
		{A21A62D8-119A-4DDA-B902-68879C30380A}.Release|Any CPU.Build.0 = Release|Any CPU
	EndGlobalSection
	GlobalSection(SolutionProperties) = preSolution
		HideSolutionNode = FALSE
	EndGlobalSection
	GlobalSection(ExtensibilityGlobals) = postSolution
		SolutionGuid = {0F005F81-A6AE-488A-875F-CA43B59B635F}
	EndGlobalSection
EndGlobal
